
Microsoft Visual Studio Solution File, Format Version 12.00
# Visual Studio Version 17
VisualStudioVersion = 17.1.32319.34
MinimumVisualStudioVersion = 10.0.40219.1
Project("{2150E333-8FDC-42A3-9474-1A3956D46DE8}") = "src", "src", "{E99BBF2A-FEAE-4CA4-BD18-646D1ACAB543}"
EndProject
Project("{2150E333-8FDC-42A3-9474-1A3956D46DE8}") = "test", "test", "{8C9FFBEC-F477-4037-B3FE-BAF02ED3A16C}"
EndProject
Project("{9A19103F-16F7-4668-BE54-9A1E7A4F7556}") = "Rougamo", "src\Rougamo\Rougamo.csproj", "{B4805E71-39B3-4731-A221-45B1ED33943F}"
	ProjectSection(ProjectDependencies) = postProject
		{191B2987-A3A5-4916-BE4B-2657854DFF39} = {191B2987-A3A5-4916-BE4B-2657854DFF39}
	EndProjectSection
EndProject
Project("{9A19103F-16F7-4668-BE54-9A1E7A4F7556}") = "Rougamo.Fody", "src\Rougamo.Fody\Rougamo.Fody.csproj", "{191B2987-A3A5-4916-BE4B-2657854DFF39}"
EndProject
Project("{2150E333-8FDC-42A3-9474-1A3956D46DE8}") = "_SolutionItems", "_SolutionItems", "{BCA66129-FEC9-4244-B53E-931B928C723E}"
	ProjectSection(SolutionItems) = preProject
		CHANGELOG.md = CHANGELOG.md
		README.md = README.md
		README_en.md = README_en.md
		Rougamo.png = Rougamo.png
	EndProjectSection
EndProject
Project("{2150E333-8FDC-42A3-9474-1A3956D46DE8}") = "TestAssemblies", "TestAssemblies", "{400088B1-D25F-49FE-887E-E9E2FE62B3CB}"
EndProject
Project("{9A19103F-16F7-4668-BE54-9A1E7A4F7556}") = "BasicUsage", "test\TestAssemblies\BasicUsage\BasicUsage.csproj", "{F325A49A-8333-490E-98DF-5CBDC9F79E64}"
EndProject
Project("{9A19103F-16F7-4668-BE54-9A1E7A4F7556}") = "Rougamo.Fody.Tests", "test\Rougamo.Fody.Tests\Rougamo.Fody.Tests.csproj", "{D7315A9F-D9E0-44FF-A826-BBC3385CF844}"
EndProject
Project("{9A19103F-16F7-4668-BE54-9A1E7A4F7556}") = "Issues", "test\TestAssemblies\Issues\Issues.csproj", "{0D22AE69-6F02-4890-BEF1-1D391E15FEF4}"
EndProject
Project("{9A19103F-16F7-4668-BE54-9A1E7A4F7556}") = "SignatureUsage", "test\TestAssemblies\SignatureUsage\SignatureUsage.csproj", "{DE007BE4-C23E-473F-B449-889E0A8F49A8}"
EndProject
Project("{9A19103F-16F7-4668-BE54-9A1E7A4F7556}") = "PatternUsage", "test\TestAssemblies\PatternUsage\PatternUsage.csproj", "{7466BFE9-9FE3-4C58-B69D-F1A1FAF28A7E}"
EndProject
Project("{9A19103F-16F7-4668-BE54-9A1E7A4F7556}") = "IndirectDependency1", "test\TestAssemblies\IndirectDependency1\IndirectDependency1.csproj", "{0D0B8C0F-8ED3-4280-8D57-7EFACF0EA185}"
EndProject
Project("{9A19103F-16F7-4668-BE54-9A1E7A4F7556}") = "IndirectDependency2", "test\TestAssemblies\IndirectDependency2\IndirectDependency2.csproj", "{F20C2790-1837-43F0-8E66-B35E82144DFF}"
EndProject
Project("{9A19103F-16F7-4668-BE54-9A1E7A4F7556}") = "WebApis", "test\TestAssemblies\WebApis\WebApis.csproj", "{2C81F5A2-362A-4383-98A4-43AD03E90312}"
EndProject
Project("{2150E333-8FDC-42A3-9474-1A3956D46DE8}") = "shared", "shared", "{075CC441-9BF3-4520-93D3-AE00A6758C2D}"
EndProject
Project("{D954291E-2A0B-460D-934E-DC6B0785DB48}") = "Fody.Simulations", "shared\Fody.Simulations\Fody.Simulations.shproj", "{A4AAE133-ECEF-48FC-B04C-015811E24C6D}"
EndProject
Project("{D954291E-2A0B-460D-934E-DC6B0785DB48}") = "Cecil.AspectN", "shared\Cecil.AspectN\Cecil.AspectN.shproj", "{DA6B6E9A-B485-4391-9934-CF0CFF653BB8}"
EndProject
Project("{FAE04EC0-301F-11D3-BF4B-00C04F79EFBC}") = "IndependentMos", "test\TestAssemblies\IndependentMos\IndependentMos.csproj", "{07E14215-ABEA-4A0B-A9BB-D8000CE8AEFC}"
EndProject
Project("{FAE04EC0-301F-11D3-BF4B-00C04F79EFBC}") = "ConfiguredMoUsage", "test\TestAssemblies\ConfiguredMoUsage\ConfiguredMoUsage.csproj", "{94D7B258-5B12-48A4-BFBB-56E0521C7A82}"
EndProject
Project("{FAE04EC0-301F-11D3-BF4B-00C04F79EFBC}") = "Rougamo.Analyzers", "src\Rougamo.Analyzers\Rougamo.Analyzers.csproj", "{D7FB77AC-0E0F-4AF5-8F01-4C1E1574428B}"
EndProject
Global
	GlobalSection(SolutionConfigurationPlatforms) = preSolution
		Debug|Any CPU = Debug|Any CPU
		Release|Any CPU = Release|Any CPU
	EndGlobalSection
	GlobalSection(ProjectConfigurationPlatforms) = postSolution
		{B4805E71-39B3-4731-A221-45B1ED33943F}.Debug|Any CPU.ActiveCfg = Debug|Any CPU
		{B4805E71-39B3-4731-A221-45B1ED33943F}.Debug|Any CPU.Build.0 = Debug|Any CPU
		{B4805E71-39B3-4731-A221-45B1ED33943F}.Release|Any CPU.ActiveCfg = Release|Any CPU
		{B4805E71-39B3-4731-A221-45B1ED33943F}.Release|Any CPU.Build.0 = Release|Any CPU
		{191B2987-A3A5-4916-BE4B-2657854DFF39}.Debug|Any CPU.ActiveCfg = Debug|Any CPU
		{191B2987-A3A5-4916-BE4B-2657854DFF39}.Debug|Any CPU.Build.0 = Debug|Any CPU
		{191B2987-A3A5-4916-BE4B-2657854DFF39}.Release|Any CPU.ActiveCfg = Release|Any CPU
		{191B2987-A3A5-4916-BE4B-2657854DFF39}.Release|Any CPU.Build.0 = Release|Any CPU
		{F325A49A-8333-490E-98DF-5CBDC9F79E64}.Debug|Any CPU.ActiveCfg = Debug|Any CPU
		{F325A49A-8333-490E-98DF-5CBDC9F79E64}.Debug|Any CPU.Build.0 = Debug|Any CPU
		{F325A49A-8333-490E-98DF-5CBDC9F79E64}.Release|Any CPU.ActiveCfg = Release|Any CPU
		{F325A49A-8333-490E-98DF-5CBDC9F79E64}.Release|Any CPU.Build.0 = Release|Any CPU
		{D7315A9F-D9E0-44FF-A826-BBC3385CF844}.Debug|Any CPU.ActiveCfg = Debug|Any CPU
		{D7315A9F-D9E0-44FF-A826-BBC3385CF844}.Debug|Any CPU.Build.0 = Debug|Any CPU
		{D7315A9F-D9E0-44FF-A826-BBC3385CF844}.Release|Any CPU.ActiveCfg = Release|Any CPU
		{D7315A9F-D9E0-44FF-A826-BBC3385CF844}.Release|Any CPU.Build.0 = Release|Any CPU
		{0D22AE69-6F02-4890-BEF1-1D391E15FEF4}.Debug|Any CPU.ActiveCfg = Debug|Any CPU
		{0D22AE69-6F02-4890-BEF1-1D391E15FEF4}.Debug|Any CPU.Build.0 = Debug|Any CPU
		{0D22AE69-6F02-4890-BEF1-1D391E15FEF4}.Release|Any CPU.ActiveCfg = Release|Any CPU
		{0D22AE69-6F02-4890-BEF1-1D391E15FEF4}.Release|Any CPU.Build.0 = Release|Any CPU
		{DE007BE4-C23E-473F-B449-889E0A8F49A8}.Debug|Any CPU.ActiveCfg = Debug|Any CPU
		{DE007BE4-C23E-473F-B449-889E0A8F49A8}.Debug|Any CPU.Build.0 = Debug|Any CPU
		{DE007BE4-C23E-473F-B449-889E0A8F49A8}.Release|Any CPU.ActiveCfg = Release|Any CPU
		{DE007BE4-C23E-473F-B449-889E0A8F49A8}.Release|Any CPU.Build.0 = Release|Any CPU
		{7466BFE9-9FE3-4C58-B69D-F1A1FAF28A7E}.Debug|Any CPU.ActiveCfg = Debug|Any CPU
		{7466BFE9-9FE3-4C58-B69D-F1A1FAF28A7E}.Debug|Any CPU.Build.0 = Debug|Any CPU
		{7466BFE9-9FE3-4C58-B69D-F1A1FAF28A7E}.Release|Any CPU.ActiveCfg = Release|Any CPU
		{7466BFE9-9FE3-4C58-B69D-F1A1FAF28A7E}.Release|Any CPU.Build.0 = Release|Any CPU
		{0D0B8C0F-8ED3-4280-8D57-7EFACF0EA185}.Debug|Any CPU.ActiveCfg = Debug|Any CPU
		{0D0B8C0F-8ED3-4280-8D57-7EFACF0EA185}.Debug|Any CPU.Build.0 = Debug|Any CPU
		{0D0B8C0F-8ED3-4280-8D57-7EFACF0EA185}.Release|Any CPU.ActiveCfg = Release|Any CPU
		{0D0B8C0F-8ED3-4280-8D57-7EFACF0EA185}.Release|Any CPU.Build.0 = Release|Any CPU
		{F20C2790-1837-43F0-8E66-B35E82144DFF}.Debug|Any CPU.ActiveCfg = Debug|Any CPU
		{F20C2790-1837-43F0-8E66-B35E82144DFF}.Debug|Any CPU.Build.0 = Debug|Any CPU
		{F20C2790-1837-43F0-8E66-B35E82144DFF}.Release|Any CPU.ActiveCfg = Release|Any CPU
		{F20C2790-1837-43F0-8E66-B35E82144DFF}.Release|Any CPU.Build.0 = Release|Any CPU
		{2C81F5A2-362A-4383-98A4-43AD03E90312}.Debug|Any CPU.ActiveCfg = Debug|Any CPU
		{2C81F5A2-362A-4383-98A4-43AD03E90312}.Debug|Any CPU.Build.0 = Debug|Any CPU
		{2C81F5A2-362A-4383-98A4-43AD03E90312}.Release|Any CPU.ActiveCfg = Release|Any CPU
		{2C81F5A2-362A-4383-98A4-43AD03E90312}.Release|Any CPU.Build.0 = Release|Any CPU
		{07E14215-ABEA-4A0B-A9BB-D8000CE8AEFC}.Debug|Any CPU.ActiveCfg = Debug|Any CPU
		{07E14215-ABEA-4A0B-A9BB-D8000CE8AEFC}.Debug|Any CPU.Build.0 = Debug|Any CPU
		{07E14215-ABEA-4A0B-A9BB-D8000CE8AEFC}.Release|Any CPU.ActiveCfg = Release|Any CPU
		{07E14215-ABEA-4A0B-A9BB-D8000CE8AEFC}.Release|Any CPU.Build.0 = Release|Any CPU
		{94D7B258-5B12-48A4-BFBB-56E0521C7A82}.Debug|Any CPU.ActiveCfg = Debug|Any CPU
		{94D7B258-5B12-48A4-BFBB-56E0521C7A82}.Debug|Any CPU.Build.0 = Debug|Any CPU
		{94D7B258-5B12-48A4-BFBB-56E0521C7A82}.Release|Any CPU.ActiveCfg = Release|Any CPU
		{94D7B258-5B12-48A4-BFBB-56E0521C7A82}.Release|Any CPU.Build.0 = Release|Any CPU
		{D7FB77AC-0E0F-4AF5-8F01-4C1E1574428B}.Debug|Any CPU.ActiveCfg = Debug|Any CPU
		{D7FB77AC-0E0F-4AF5-8F01-4C1E1574428B}.Debug|Any CPU.Build.0 = Debug|Any CPU
		{D7FB77AC-0E0F-4AF5-8F01-4C1E1574428B}.Release|Any CPU.ActiveCfg = Release|Any CPU
		{D7FB77AC-0E0F-4AF5-8F01-4C1E1574428B}.Release|Any CPU.Build.0 = Release|Any CPU
	EndGlobalSection
	GlobalSection(SolutionProperties) = preSolution
		HideSolutionNode = FALSE
	EndGlobalSection
	GlobalSection(NestedProjects) = preSolution
		{B4805E71-39B3-4731-A221-45B1ED33943F} = {E99BBF2A-FEAE-4CA4-BD18-646D1ACAB543}
		{191B2987-A3A5-4916-BE4B-2657854DFF39} = {E99BBF2A-FEAE-4CA4-BD18-646D1ACAB543}
		{400088B1-D25F-49FE-887E-E9E2FE62B3CB} = {8C9FFBEC-F477-4037-B3FE-BAF02ED3A16C}
		{F325A49A-8333-490E-98DF-5CBDC9F79E64} = {400088B1-D25F-49FE-887E-E9E2FE62B3CB}
		{D7315A9F-D9E0-44FF-A826-BBC3385CF844} = {8C9FFBEC-F477-4037-B3FE-BAF02ED3A16C}
		{0D22AE69-6F02-4890-BEF1-1D391E15FEF4} = {400088B1-D25F-49FE-887E-E9E2FE62B3CB}
		{DE007BE4-C23E-473F-B449-889E0A8F49A8} = {400088B1-D25F-49FE-887E-E9E2FE62B3CB}
		{7466BFE9-9FE3-4C58-B69D-F1A1FAF28A7E} = {400088B1-D25F-49FE-887E-E9E2FE62B3CB}
		{0D0B8C0F-8ED3-4280-8D57-7EFACF0EA185} = {400088B1-D25F-49FE-887E-E9E2FE62B3CB}
		{F20C2790-1837-43F0-8E66-B35E82144DFF} = {400088B1-D25F-49FE-887E-E9E2FE62B3CB}
		{2C81F5A2-362A-4383-98A4-43AD03E90312} = {400088B1-D25F-49FE-887E-E9E2FE62B3CB}
		{A4AAE133-ECEF-48FC-B04C-015811E24C6D} = {075CC441-9BF3-4520-93D3-AE00A6758C2D}
		{DA6B6E9A-B485-4391-9934-CF0CFF653BB8} = {075CC441-9BF3-4520-93D3-AE00A6758C2D}
		{07E14215-ABEA-4A0B-A9BB-D8000CE8AEFC} = {400088B1-D25F-49FE-887E-E9E2FE62B3CB}
		{94D7B258-5B12-48A4-BFBB-56E0521C7A82} = {400088B1-D25F-49FE-887E-E9E2FE62B3CB}
		{D7FB77AC-0E0F-4AF5-8F01-4C1E1574428B} = {E99BBF2A-FEAE-4CA4-BD18-646D1ACAB543}
	EndGlobalSection
	GlobalSection(ExtensibilityGlobals) = postSolution
		SolutionGuid = {0BD0178E-76E0-4736-A036-89B1AA268A05}
	EndGlobalSection
	GlobalSection(SharedMSBuildProjectFiles) = preSolution
		shared\Cecil.AspectN\Cecil.AspectN.projitems*{191b2987-a3a5-4916-be4b-2657854dff39}*SharedItemsImports = 5
		shared\Fody.Simulations\Fody.Simulations.projitems*{191b2987-a3a5-4916-be4b-2657854dff39}*SharedItemsImports = 5
		shared\Fody.Simulations\Fody.Simulations.projitems*{a4aae133-ecef-48fc-b04c-015811e24c6d}*SharedItemsImports = 13
		shared\Cecil.AspectN\Cecil.AspectN.projitems*{da6b6e9a-b485-4391-9934-cf0cff653bb8}*SharedItemsImports = 13
	EndGlobalSection
EndGlobal
